
Microsoft Visual Studio Solution File, Format Version 12.00
# Visual Studio Version 17
VisualStudioVersion = 17.7.34221.43
MinimumVisualStudioVersion = 10.0.40219.1
Project("{FAE04EC0-301F-11D3-BF4B-00C04F79EFBC}") = "ApiVersioning", "ApiVersioning\ApiVersioning.csproj", "{BA126792-0DB0-4AAD-9906-B0F30A8E4A9F}"
EndProject
Global
	GlobalSection(SolutionConfigurationPlatforms) = preSolution
		Debug|Any CPU = Debug|Any CPU
		Release|Any CPU = Release|Any CPU
	EndGlobalSection
	GlobalSection(ProjectConfigurationPlatforms) = postSolution
		{BA126792-0DB0-4AAD-9906-B0F30A8E4A9F}.Debug|Any CPU.ActiveCfg = Debug|Any CPU
		{BA126792-0DB0-4AAD-9906-B0F30A8E4A9F}.Debug|Any CPU.Build.0 = Debug|Any CPU
		{BA126792-0DB0-4AAD-9906-B0F30A8E4A9F}.Release|Any CPU.ActiveCfg = Release|Any CPU
		{BA126792-0DB0-4AAD-9906-B0F30A8E4A9F}.Release|Any CPU.Build.0 = Release|Any CPU
	EndGlobalSection
	GlobalSection(SolutionProperties) = preSolution
		HideSolutionNode = FALSE
	EndGlobalSection
	GlobalSection(ExtensibilityGlobals) = postSolution
		SolutionGuid = {F30BA0EC-149D-452E-8D0B-D4D91FFD9533}
	EndGlobalSection
EndGlobal
