
Microsoft Visual Studio Solution File, Format Version 12.00
# Visual Studio Version 17
VisualStudioVersion = 17.7.34003.232
MinimumVisualStudioVersion = 10.0.40219.1
Project("{FAE04EC0-301F-11D3-BF4B-00C04F79EFBC}") = "Students", "Students\Students.csproj", "{AC5BFC7E-C4DC-4A59-97D0-67E894526BB4}"
EndProject
Global
	GlobalSection(SolutionConfigurationPlatforms) = preSolution
		Debug|Any CPU = Debug|Any CPU
		Release|Any CPU = Release|Any CPU
	EndGlobalSection
	GlobalSection(ProjectConfigurationPlatforms) = postSolution
		{AC5BFC7E-C4DC-4A59-97D0-67E894526BB4}.Debug|Any CPU.ActiveCfg = Debug|Any CPU
		{AC5BFC7E-C4DC-4A59-97D0-67E894526BB4}.Debug|Any CPU.Build.0 = Debug|Any CPU
		{AC5BFC7E-C4DC-4A59-97D0-67E894526BB4}.Release|Any CPU.ActiveCfg = Release|Any CPU
		{AC5BFC7E-C4DC-4A59-97D0-67E894526BB4}.Release|Any CPU.Build.0 = Release|Any CPU
	EndGlobalSection
	GlobalSection(SolutionProperties) = preSolution
		HideSolutionNode = FALSE
	EndGlobalSection
	GlobalSection(ExtensibilityGlobals) = postSolution
		SolutionGuid = {9CDE0403-3251-455E-ACE8-1BDB40DC2EE3}
	EndGlobalSection
EndGlobal
