
Microsoft Visual Studio Solution File, Format Version 12.00
# Visual Studio Version 17
VisualStudioVersion = 17.7.34003.232
MinimumVisualStudioVersion = 10.0.40219.1
Project("{FAE04EC0-301F-11D3-BF4B-00C04F79EFBC}") = "Kuscotopia", "Kuscotopia\Kuscotopia.csproj", "{7C776194-0D88-49D6-B235-3A32F22D6B88}"
EndProject
Project("{FAE04EC0-301F-11D3-BF4B-00C04F79EFBC}") = "Common", "Common\Common.csproj", "{0F5DDAD1-AB54-4078-9CCC-CB021A81FFBE}"
EndProject
Project("{FAE04EC0-301F-11D3-BF4B-00C04F79EFBC}") = "Worker2", "Worker2\Worker2.csproj", "{B944FE41-3439-43F1-A375-CCA8F4911AA8}"
EndProject
Global
	GlobalSection(SolutionConfigurationPlatforms) = preSolution
		Debug|Any CPU = Debug|Any CPU
		Release|Any CPU = Release|Any CPU
	EndGlobalSection
	GlobalSection(ProjectConfigurationPlatforms) = postSolution
		{7C776194-0D88-49D6-B235-3A32F22D6B88}.Debug|Any CPU.ActiveCfg = Debug|Any CPU
		{7C776194-0D88-49D6-B235-3A32F22D6B88}.Debug|Any CPU.Build.0 = Debug|Any CPU
		{7C776194-0D88-49D6-B235-3A32F22D6B88}.Release|Any CPU.ActiveCfg = Release|Any CPU
		{7C776194-0D88-49D6-B235-3A32F22D6B88}.Release|Any CPU.Build.0 = Release|Any CPU
		{0F5DDAD1-AB54-4078-9CCC-CB021A81FFBE}.Debug|Any CPU.ActiveCfg = Debug|Any CPU
		{0F5DDAD1-AB54-4078-9CCC-CB021A81FFBE}.Debug|Any CPU.Build.0 = Debug|Any CPU
		{0F5DDAD1-AB54-4078-9CCC-CB021A81FFBE}.Release|Any CPU.ActiveCfg = Release|Any CPU
		{0F5DDAD1-AB54-4078-9CCC-CB021A81FFBE}.Release|Any CPU.Build.0 = Release|Any CPU
		{B944FE41-3439-43F1-A375-CCA8F4911AA8}.Debug|Any CPU.ActiveCfg = Debug|Any CPU
		{B944FE41-3439-43F1-A375-CCA8F4911AA8}.Debug|Any CPU.Build.0 = Debug|Any CPU
		{B944FE41-3439-43F1-A375-CCA8F4911AA8}.Release|Any CPU.ActiveCfg = Release|Any CPU
		{B944FE41-3439-43F1-A375-CCA8F4911AA8}.Release|Any CPU.Build.0 = Release|Any CPU
	EndGlobalSection
	GlobalSection(SolutionProperties) = preSolution
		HideSolutionNode = FALSE
	EndGlobalSection
	GlobalSection(ExtensibilityGlobals) = postSolution
		SolutionGuid = {A1D84214-3DF0-45F1-B1F6-58ED81270238}
	EndGlobalSection
EndGlobal
