
Microsoft Visual Studio Solution File, Format Version 12.00
# Visual Studio 15
VisualStudioVersion = 15.0.28010.2041
MinimumVisualStudioVersion = 10.0.40219.1
Project("{FAE04EC0-301F-11D3-BF4B-00C04F79EFBC}") = "FinalExam", "FinalExam\FinalExam.csproj", "{575A7DF4-33E3-4D86-AA62-018366E17F3E}"
EndProject
Global
	GlobalSection(SolutionConfigurationPlatforms) = preSolution
		Debug|Any CPU = Debug|Any CPU
		Release|Any CPU = Release|Any CPU
	EndGlobalSection
	GlobalSection(ProjectConfigurationPlatforms) = postSolution
		{575A7DF4-33E3-4D86-AA62-018366E17F3E}.Debug|Any CPU.ActiveCfg = Debug|Any CPU
		{575A7DF4-33E3-4D86-AA62-018366E17F3E}.Debug|Any CPU.Build.0 = Debug|Any CPU
		{575A7DF4-33E3-4D86-AA62-018366E17F3E}.Release|Any CPU.ActiveCfg = Release|Any CPU
		{575A7DF4-33E3-4D86-AA62-018366E17F3E}.Release|Any CPU.Build.0 = Release|Any CPU
	EndGlobalSection
	GlobalSection(SolutionProperties) = preSolution
		HideSolutionNode = FALSE
	EndGlobalSection
	GlobalSection(ExtensibilityGlobals) = postSolution
		SolutionGuid = {0204C80C-8CC3-4597-8F14-B7DF5EBC17EA}
	EndGlobalSection
EndGlobal
